
Microsoft Visual Studio Solution File, Format Version 12.00
# Visual Studio Version 16
VisualStudioVersion = 16.0.29709.97
MinimumVisualStudioVersion = 10.0.40219.1
Project("{FAE04EC0-301F-11D3-BF4B-00C04F79EFBC}") = "PatientMonitor.Database", "PatientMonitor.Database\PatientMonitor.Database.csproj", "{FF402310-A0FA-4E2F-90BD-8C4DF7F6ADE1}"
EndProject
Project("{FAE04EC0-301F-11D3-BF4B-00C04F79EFBC}") = "PatientMonitor.Entities", "PatientMonitor.Entities\PatientMonitor.Entities.csproj", "{86470F08-1916-47DE-8903-2A2C36BD1DB1}"
EndProject
Project("{FAE04EC0-301F-11D3-BF4B-00C04F79EFBC}") = "PatientMonitor.Services", "PatientMonitor.Services\PatientMonitor.Services.csproj", "{C85FD90A-31FB-4F42-97F5-24E985B69462}"
EndProject
Project("{FAE04EC0-301F-11D3-BF4B-00C04F79EFBC}") = "PatientMonitor.Desktop", "PatientMonitor.Desktop\PatientMonitor.Desktop.csproj", "{6AFD1106-F95E-4AC8-9C03-D08DD1D239A1}"
EndProject
Project("{FAE04EC0-301F-11D3-BF4B-00C04F79EFBC}") = "PatientMonitor.Web", "PatientMonitor.Web\PatientMonitor.Web.csproj", "{826AE171-E56E-4EDF-9AB2-EC77E69A776C}"
EndProject
Global
	GlobalSection(SolutionConfigurationPlatforms) = preSolution
		Debug|Any CPU = Debug|Any CPU
		Release|Any CPU = Release|Any CPU
	EndGlobalSection
	GlobalSection(ProjectConfigurationPlatforms) = postSolution
		{FF402310-A0FA-4E2F-90BD-8C4DF7F6ADE1}.Debug|Any CPU.ActiveCfg = Debug|Any CPU
		{FF402310-A0FA-4E2F-90BD-8C4DF7F6ADE1}.Debug|Any CPU.Build.0 = Debug|Any CPU
		{FF402310-A0FA-4E2F-90BD-8C4DF7F6ADE1}.Release|Any CPU.ActiveCfg = Release|Any CPU
		{FF402310-A0FA-4E2F-90BD-8C4DF7F6ADE1}.Release|Any CPU.Build.0 = Release|Any CPU
		{86470F08-1916-47DE-8903-2A2C36BD1DB1}.Debug|Any CPU.ActiveCfg = Debug|Any CPU
		{86470F08-1916-47DE-8903-2A2C36BD1DB1}.Debug|Any CPU.Build.0 = Debug|Any CPU
		{86470F08-1916-47DE-8903-2A2C36BD1DB1}.Release|Any CPU.ActiveCfg = Release|Any CPU
		{86470F08-1916-47DE-8903-2A2C36BD1DB1}.Release|Any CPU.Build.0 = Release|Any CPU
		{C85FD90A-31FB-4F42-97F5-24E985B69462}.Debug|Any CPU.ActiveCfg = Debug|Any CPU
		{C85FD90A-31FB-4F42-97F5-24E985B69462}.Debug|Any CPU.Build.0 = Debug|Any CPU
		{C85FD90A-31FB-4F42-97F5-24E985B69462}.Release|Any CPU.ActiveCfg = Release|Any CPU
		{C85FD90A-31FB-4F42-97F5-24E985B69462}.Release|Any CPU.Build.0 = Release|Any CPU
		{6AFD1106-F95E-4AC8-9C03-D08DD1D239A1}.Debug|Any CPU.ActiveCfg = Debug|Any CPU
		{6AFD1106-F95E-4AC8-9C03-D08DD1D239A1}.Debug|Any CPU.Build.0 = Debug|Any CPU
		{6AFD1106-F95E-4AC8-9C03-D08DD1D239A1}.Release|Any CPU.ActiveCfg = Release|Any CPU
		{6AFD1106-F95E-4AC8-9C03-D08DD1D239A1}.Release|Any CPU.Build.0 = Release|Any CPU
		{826AE171-E56E-4EDF-9AB2-EC77E69A776C}.Debug|Any CPU.ActiveCfg = Debug|Any CPU
		{826AE171-E56E-4EDF-9AB2-EC77E69A776C}.Debug|Any CPU.Build.0 = Debug|Any CPU
		{826AE171-E56E-4EDF-9AB2-EC77E69A776C}.Release|Any CPU.ActiveCfg = Release|Any CPU
		{826AE171-E56E-4EDF-9AB2-EC77E69A776C}.Release|Any CPU.Build.0 = Release|Any CPU
	EndGlobalSection
	GlobalSection(SolutionProperties) = preSolution
		HideSolutionNode = FALSE
	EndGlobalSection
	GlobalSection(ExtensibilityGlobals) = postSolution
		SolutionGuid = {8E1B1323-036E-4666-A16C-28A391CE4C9D}
	EndGlobalSection
EndGlobal
